
Microsoft Visual Studio Solution File, Format Version 11.00
# Visual Studio 2010
Project("{FAE04EC0-301F-11D3-BF4B-00C04F79EFBC}") = "PayrollSystem", "PayrollSystem\PayrollSystem.csproj", "{FFF93F3B-23C6-4493-A2DE-69E411C8B81F}"
EndProject
Global
	GlobalSection(SolutionConfigurationPlatforms) = preSolution
		Debug|Any CPU = Debug|Any CPU
		Release|Any CPU = Release|Any CPU
	EndGlobalSection
	GlobalSection(ProjectConfigurationPlatforms) = postSolution
		{FFF93F3B-23C6-4493-A2DE-69E411C8B81F}.Debug|Any CPU.ActiveCfg = Debug|Any CPU
		{FFF93F3B-23C6-4493-A2DE-69E411C8B81F}.Debug|Any CPU.Build.0 = Debug|Any CPU
		{FFF93F3B-23C6-4493-A2DE-69E411C8B81F}.Release|Any CPU.ActiveCfg = Release|Any CPU
		{FFF93F3B-23C6-4493-A2DE-69E411C8B81F}.Release|Any CPU.Build.0 = Release|Any CPU
	EndGlobalSection
	GlobalSection(SolutionProperties) = preSolution
		HideSolutionNode = FALSE
	EndGlobalSection
EndGlobal
